github.com/google/uuid v1.6.0 h1:NIvaJDMOsjHA8n1jAhLSgzrAzy1Hgr+hNrb57e+94F0=
github.com/google/uuid v1.6.0/go.mod h1:TIyPZe4MgqvfeYDBFedMoGGpEw/LqOeaOT+nhxU+yHo=
github.com/nodejayes/generic-di v1.2.3 h1:QYn6hACIVGE1wFZGWVH7L6DdpOjdJizVivV85r3DtBk=
github.com/nodejayes/generic-di v1.2.3/go.mod h1:gS41F3bPawBKlvXtSUErsFlmlrOdOl4wNEvWRPK3zTg=
github.com/nodejayes/go-pegasus-server v0.0.9 h1:P/2geB2gX02XE2h3nZ/StumU/3Zd8gogvMyBREezdlM=
github.com/nodejayes/go-pegasus-server v0.0.9/go.mod h1:cV3EdgeuuU7tQNC2ipIhtPe1fzm3W9Iv6ymB4se2pfk=
github.com/nodejayes/go-pegasus-server v0.0.10 h1:cZ3BZVrwKqsGbRJ291Jhkd00rnFt5gnRQl60SxFwjJA=
github.com/nodejayes/go-pegasus-server v0.0.10/go.mod h1:cV3EdgeuuU7tQNC2ipIhtPe1fzm3W9Iv6ymB4se2pfk=
github.com/nodejayes/go-pegasus-server v0.0.11 h1:z4sKAULB8s+eGc92e5yThwqKSwjXDUGrv8zvz9QyMcA=
github.com/nodejayes/go-pegasus-server v0.0.11/go.mod h1:cV3EdgeuuU7tQNC2ipIhtPe1fzm3W9Iv6ymB4se2pfk=
github.com/nodejayes/go-serve-fs v0.0.1 h1:lBlzyvd7b6bCa6I27QLd5ilCQyK5dH4u1IwTyRS99/8=
github.com/nodejayes/go-serve-fs v0.0.1/go.mod h1:k6yMMSbeeE0Bm0/R6MV3SPJr4iktoyqg43GWJd5DBuk=
github.com/nodejayes/go-serve-fs v0.0.2 h1:vdQSUKTaeVyPCRSMyi27d6ACbnEJZszFkibbe1gyskY=
github.com/nodejayes/go-serve-fs v0.0.2/go.mod h1:k6yMMSbeeE0Bm0/R6MV3SPJr4iktoyqg43GWJd5DBuk=
